
Microsoft Visual Studio Solution File, Format Version 12.00
# Visual Studio Version 17
VisualStudioVersion = 17.7.34031.279
MinimumVisualStudioVersion = 10.0.40219.1
Project("{FAE04EC0-301F-11D3-BF4B-00C04F79EFBC}") = "fproc", "fproc\fproc.csproj", "{1D76F06D-956C-450D-B2F2-C70E39363280}"
EndProject
Project("{FAE04EC0-301F-11D3-BF4B-00C04F79EFBC}") = "fproc-client", "fproc-client\fproc-client.csproj", "{DC9ED3D5-E6BD-42C3-90A7-8C18CD6ED72C}"
EndProject
Global
	GlobalSection(SolutionConfigurationPlatforms) = preSolution
		Debug|Any CPU = Debug|Any CPU
		Release|Any CPU = Release|Any CPU
	EndGlobalSection
	GlobalSection(ProjectConfigurationPlatforms) = postSolution
		{1D76F06D-956C-450D-B2F2-C70E39363280}.Debug|Any CPU.ActiveCfg = Debug|Any CPU
		{1D76F06D-956C-450D-B2F2-C70E39363280}.Debug|Any CPU.Build.0 = Debug|Any CPU
		{1D76F06D-956C-450D-B2F2-C70E39363280}.Release|Any CPU.ActiveCfg = Release|Any CPU
		{1D76F06D-956C-450D-B2F2-C70E39363280}.Release|Any CPU.Build.0 = Release|Any CPU
		{DC9ED3D5-E6BD-42C3-90A7-8C18CD6ED72C}.Debug|Any CPU.ActiveCfg = Debug|Any CPU
		{DC9ED3D5-E6BD-42C3-90A7-8C18CD6ED72C}.Debug|Any CPU.Build.0 = Debug|Any CPU
		{DC9ED3D5-E6BD-42C3-90A7-8C18CD6ED72C}.Release|Any CPU.ActiveCfg = Release|Any CPU
		{DC9ED3D5-E6BD-42C3-90A7-8C18CD6ED72C}.Release|Any CPU.Build.0 = Release|Any CPU
	EndGlobalSection
	GlobalSection(SolutionProperties) = preSolution
		HideSolutionNode = FALSE
	EndGlobalSection
	GlobalSection(ExtensibilityGlobals) = postSolution
		SolutionGuid = {5593D6E5-3CD4-45F7-AA34-38C75F7699D4}
	EndGlobalSection
EndGlobal
